
Microsoft Visual Studio Solution File, Format Version 12.00
# Visual Studio Version 17
VisualStudioVersion = 17.0.31903.59
MinimumVisualStudioVersion = 10.0.40219.1
Project("{2150E333-8FDC-42A3-9474-1A3956D46DE8}") = "shared", "shared", "{4F52FD11-658E-A102-6CD3-7D7C16FFA15B}"
EndProject
Project("{FAE04EC0-301F-11D3-BF4B-00C04F79EFBC}") = "Shared.Messaging", "shared\Shared.Messaging\Shared.Messaging.csproj", "{4B13FCB4-81A1-4351-9520-D759B1F891DC}"
EndProject
Project("{2150E333-8FDC-42A3-9474-1A3956D46DE8}") = "src", "src", "{827E0CD3-B72D-47B6-A68D-7590B98EB39B}"
EndProject
Project("{FAE04EC0-301F-11D3-BF4B-00C04F79EFBC}") = "OrderService", "src\OrderService\OrderService.csproj", "{4029073D-00E8-4689-8197-5C6A0317645A}"
EndProject
Project("{FAE04EC0-301F-11D3-BF4B-00C04F79EFBC}") = "InventoryService", "src\InventoryService\InventoryService.csproj", "{C9CB2001-828B-4321-B12E-9DC7DAA78FB7}"
EndProject
Project("{FAE04EC0-301F-11D3-BF4B-00C04F79EFBC}") = "NotificationService", "src\NotificationService\NotificationService.csproj", "{565D666C-1CD9-4C88-8E30-47FFA8C123BB}"
EndProject
Project("{2150E333-8FDC-42A3-9474-1A3956D46DE8}") = "tests", "tests", "{0AB3BF05-4346-4AA6-1389-037BE0695223}"
EndProject
Project("{FAE04EC0-301F-11D3-BF4B-00C04F79EFBC}") = "OrderService.Tests", "tests\OrderService.Tests\OrderService.Tests.csproj", "{BADF8AFC-1474-42D8-BA63-37096B7CDF7B}"
EndProject
Project("{FAE04EC0-301F-11D3-BF4B-00C04F79EFBC}") = "InventoryService.Tests", "tests\InventoryService.Tests\InventoryService.Tests.csproj", "{2F62469C-9475-4965-8C3F-5B7E4341D3D7}"
EndProject
Global
	GlobalSection(SolutionConfigurationPlatforms) = preSolution
		Debug|Any CPU = Debug|Any CPU
		Debug|x64 = Debug|x64
		Debug|x86 = Debug|x86
		Release|Any CPU = Release|Any CPU
		Release|x64 = Release|x64
		Release|x86 = Release|x86
	EndGlobalSection
	GlobalSection(ProjectConfigurationPlatforms) = postSolution
		{4B13FCB4-81A1-4351-9520-D759B1F891DC}.Debug|Any CPU.ActiveCfg = Debug|Any CPU
		{4B13FCB4-81A1-4351-9520-D759B1F891DC}.Debug|Any CPU.Build.0 = Debug|Any CPU
		{4B13FCB4-81A1-4351-9520-D759B1F891DC}.Debug|x64.ActiveCfg = Debug|Any CPU
		{4B13FCB4-81A1-4351-9520-D759B1F891DC}.Debug|x64.Build.0 = Debug|Any CPU
		{4B13FCB4-81A1-4351-9520-D759B1F891DC}.Debug|x86.ActiveCfg = Debug|Any CPU
		{4B13FCB4-81A1-4351-9520-D759B1F891DC}.Debug|x86.Build.0 = Debug|Any CPU
		{4B13FCB4-81A1-4351-9520-D759B1F891DC}.Release|Any CPU.ActiveCfg = Release|Any CPU
		{4B13FCB4-81A1-4351-9520-D759B1F891DC}.Release|Any CPU.Build.0 = Release|Any CPU
		{4B13FCB4-81A1-4351-9520-D759B1F891DC}.Release|x64.ActiveCfg = Release|Any CPU
		{4B13FCB4-81A1-4351-9520-D759B1F891DC}.Release|x64.Build.0 = Release|Any CPU
		{4B13FCB4-81A1-4351-9520-D759B1F891DC}.Release|x86.ActiveCfg = Release|Any CPU
		{4B13FCB4-81A1-4351-9520-D759B1F891DC}.Release|x86.Build.0 = Release|Any CPU
		{4029073D-00E8-4689-8197-5C6A0317645A}.Debug|Any CPU.ActiveCfg = Debug|Any CPU
		{4029073D-00E8-4689-8197-5C6A0317645A}.Debug|Any CPU.Build.0 = Debug|Any CPU
		{4029073D-00E8-4689-8197-5C6A0317645A}.Debug|x64.ActiveCfg = Debug|Any CPU
		{4029073D-00E8-4689-8197-5C6A0317645A}.Debug|x64.Build.0 = Debug|Any CPU
		{4029073D-00E8-4689-8197-5C6A0317645A}.Debug|x86.ActiveCfg = Debug|Any CPU
		{4029073D-00E8-4689-8197-5C6A0317645A}.Debug|x86.Build.0 = Debug|Any CPU
		{4029073D-00E8-4689-8197-5C6A0317645A}.Release|Any CPU.ActiveCfg = Release|Any CPU
		{4029073D-00E8-4689-8197-5C6A0317645A}.Release|Any CPU.Build.0 = Release|Any CPU
		{4029073D-00E8-4689-8197-5C6A0317645A}.Release|x64.ActiveCfg = Release|Any CPU
		{4029073D-00E8-4689-8197-5C6A0317645A}.Release|x64.Build.0 = Release|Any CPU
		{4029073D-00E8-4689-8197-5C6A0317645A}.Release|x86.ActiveCfg = Release|Any CPU
		{4029073D-00E8-4689-8197-5C6A0317645A}.Release|x86.Build.0 = Release|Any CPU
		{C9CB2001-828B-4321-B12E-9DC7DAA78FB7}.Debug|Any CPU.ActiveCfg = Debug|Any CPU
		{C9CB2001-828B-4321-B12E-9DC7DAA78FB7}.Debug|Any CPU.Build.0 = Debug|Any CPU
		{C9CB2001-828B-4321-B12E-9DC7DAA78FB7}.Debug|x64.ActiveCfg = Debug|Any CPU
		{C9CB2001-828B-4321-B12E-9DC7DAA78FB7}.Debug|x64.Build.0 = Debug|Any CPU
		{C9CB2001-828B-4321-B12E-9DC7DAA78FB7}.Debug|x86.ActiveCfg = Debug|Any CPU
		{C9CB2001-828B-4321-B12E-9DC7DAA78FB7}.Debug|x86.Build.0 = Debug|Any CPU
		{C9CB2001-828B-4321-B12E-9DC7DAA78FB7}.Release|Any CPU.ActiveCfg = Release|Any CPU
		{C9CB2001-828B-4321-B12E-9DC7DAA78FB7}.Release|Any CPU.Build.0 = Release|Any CPU
		{C9CB2001-828B-4321-B12E-9DC7DAA78FB7}.Release|x64.ActiveCfg = Release|Any CPU
		{C9CB2001-828B-4321-B12E-9DC7DAA78FB7}.Release|x64.Build.0 = Release|Any CPU
		{C9CB2001-828B-4321-B12E-9DC7DAA78FB7}.Release|x86.ActiveCfg = Release|Any CPU
		{C9CB2001-828B-4321-B12E-9DC7DAA78FB7}.Release|x86.Build.0 = Release|Any CPU
		{565D666C-1CD9-4C88-8E30-47FFA8C123BB}.Debug|Any CPU.ActiveCfg = Debug|Any CPU
		{565D666C-1CD9-4C88-8E30-47FFA8C123BB}.Debug|Any CPU.Build.0 = Debug|Any CPU
		{565D666C-1CD9-4C88-8E30-47FFA8C123BB}.Debug|x64.ActiveCfg = Debug|Any CPU
		{565D666C-1CD9-4C88-8E30-47FFA8C123BB}.Debug|x64.Build.0 = Debug|Any CPU
		{565D666C-1CD9-4C88-8E30-47FFA8C123BB}.Debug|x86.ActiveCfg = Debug|Any CPU
		{565D666C-1CD9-4C88-8E30-47FFA8C123BB}.Debug|x86.Build.0 = Debug|Any CPU
		{565D666C-1CD9-4C88-8E30-47FFA8C123BB}.Release|Any CPU.ActiveCfg = Release|Any CPU
		{565D666C-1CD9-4C88-8E30-47FFA8C123BB}.Release|Any CPU.Build.0 = Release|Any CPU
		{565D666C-1CD9-4C88-8E30-47FFA8C123BB}.Release|x64.ActiveCfg = Release|Any CPU
		{565D666C-1CD9-4C88-8E30-47FFA8C123BB}.Release|x64.Build.0 = Release|Any CPU
		{565D666C-1CD9-4C88-8E30-47FFA8C123BB}.Release|x86.ActiveCfg = Release|Any CPU
		{565D666C-1CD9-4C88-8E30-47FFA8C123BB}.Release|x86.Build.0 = Release|Any CPU
		{BADF8AFC-1474-42D8-BA63-37096B7CDF7B}.Debug|Any CPU.ActiveCfg = Debug|Any CPU
		{BADF8AFC-1474-42D8-BA63-37096B7CDF7B}.Debug|Any CPU.Build.0 = Debug|Any CPU
		{BADF8AFC-1474-42D8-BA63-37096B7CDF7B}.Debug|x64.ActiveCfg = Debug|Any CPU
		{BADF8AFC-1474-42D8-BA63-37096B7CDF7B}.Debug|x64.Build.0 = Debug|Any CPU
		{BADF8AFC-1474-42D8-BA63-37096B7CDF7B}.Debug|x86.ActiveCfg = Debug|Any CPU
		{BADF8AFC-1474-42D8-BA63-37096B7CDF7B}.Debug|x86.Build.0 = Debug|Any CPU
		{BADF8AFC-1474-42D8-BA63-37096B7CDF7B}.Release|Any CPU.ActiveCfg = Release|Any CPU
		{BADF8AFC-1474-42D8-BA63-37096B7CDF7B}.Release|Any CPU.Build.0 = Release|Any CPU
		{BADF8AFC-1474-42D8-BA63-37096B7CDF7B}.Release|x64.ActiveCfg = Release|Any CPU
		{BADF8AFC-1474-42D8-BA63-37096B7CDF7B}.Release|x64.Build.0 = Release|Any CPU
		{BADF8AFC-1474-42D8-BA63-37096B7CDF7B}.Release|x86.ActiveCfg = Release|Any CPU
		{BADF8AFC-1474-42D8-BA63-37096B7CDF7B}.Release|x86.Build.0 = Release|Any CPU
		{2F62469C-9475-4965-8C3F-5B7E4341D3D7}.Debug|Any CPU.ActiveCfg = Debug|Any CPU
		{2F62469C-9475-4965-8C3F-5B7E4341D3D7}.Debug|Any CPU.Build.0 = Debug|Any CPU
		{2F62469C-9475-4965-8C3F-5B7E4341D3D7}.Debug|x64.ActiveCfg = Debug|Any CPU
		{2F62469C-9475-4965-8C3F-5B7E4341D3D7}.Debug|x64.Build.0 = Debug|Any CPU
		{2F62469C-9475-4965-8C3F-5B7E4341D3D7}.Debug|x86.ActiveCfg = Debug|Any CPU
		{2F62469C-9475-4965-8C3F-5B7E4341D3D7}.Debug|x86.Build.0 = Debug|Any CPU
		{2F62469C-9475-4965-8C3F-5B7E4341D3D7}.Release|Any CPU.ActiveCfg = Release|Any CPU
		{2F62469C-9475-4965-8C3F-5B7E4341D3D7}.Release|Any CPU.Build.0 = Release|Any CPU
		{2F62469C-9475-4965-8C3F-5B7E4341D3D7}.Release|x64.ActiveCfg = Release|Any CPU
		{2F62469C-9475-4965-8C3F-5B7E4341D3D7}.Release|x64.Build.0 = Release|Any CPU
		{2F62469C-9475-4965-8C3F-5B7E4341D3D7}.Release|x86.ActiveCfg = Release|Any CPU
		{2F62469C-9475-4965-8C3F-5B7E4341D3D7}.Release|x86.Build.0 = Release|Any CPU
	EndGlobalSection
	GlobalSection(SolutionProperties) = preSolution
		HideSolutionNode = FALSE
	EndGlobalSection
	GlobalSection(NestedProjects) = preSolution
		{4B13FCB4-81A1-4351-9520-D759B1F891DC} = {4F52FD11-658E-A102-6CD3-7D7C16FFA15B}
		{4029073D-00E8-4689-8197-5C6A0317645A} = {827E0CD3-B72D-47B6-A68D-7590B98EB39B}
		{C9CB2001-828B-4321-B12E-9DC7DAA78FB7} = {827E0CD3-B72D-47B6-A68D-7590B98EB39B}
		{565D666C-1CD9-4C88-8E30-47FFA8C123BB} = {827E0CD3-B72D-47B6-A68D-7590B98EB39B}
		{BADF8AFC-1474-42D8-BA63-37096B7CDF7B} = {0AB3BF05-4346-4AA6-1389-037BE0695223}
		{2F62469C-9475-4965-8C3F-5B7E4341D3D7} = {0AB3BF05-4346-4AA6-1389-037BE0695223}
	EndGlobalSection
EndGlobal
